// !$*UTF8*$!
{
	archiveVersion = 1;
	classes = {
	};
	objectVersion = 56;
	objects = {

/* Begin PBXBuildFile section */
		6351DB9529F3C5A000664A1E /* AppDelegate.swift in Sources */ = {isa = PBXBuildFile; fileRef = 6351DB9429F3C5A000664A1E /* AppDelegate.swift */; };
		6351DB9729F3C5A000664A1E /* SceneDelegate.swift in Sources */ = {isa = PBXBuildFile; fileRef = 6351DB9629F3C5A000664A1E /* SceneDelegate.swift */; };
		6351DB9929F3C5A000664A1E /* ViewController.swift in Sources */ = {isa = PBXBuildFile; fileRef = 6351DB9829F3C5A000664A1E /* ViewController.swift */; };
		6351DB9C29F3C5A000664A1E /* Main.storyboard in Resources */ = {isa = PBXBuildFile; fileRef = 6351DB9A29F3C5A000664A1E /* Main.storyboard */; };
		6351DB9E29F3C5A200664A1E /* Assets.xcassets in Resources */ = {isa = PBXBuildFile; fileRef = 6351DB9D29F3C5A200664A1E /* Assets.xcassets */; };
		6351DBA129F3C5A200664A1E /* LaunchScreen.storyboard in Resources */ = {isa = PBXBuildFile; fileRef = 6351DB9F29F3C5A200664A1E /* LaunchScreen.storyboard */; };
		6351DBAC29F3C5A200664A1E /* ProjectATests.swift in Sources */ = {isa = PBXBuildFile; fileRef = 6351DBAB29F3C5A200664A1E /* ProjectATests.swift */; };
		6351DBB629F3C5A200664A1E /* ProjectAUITests.swift in Sources */ = {isa = PBXBuildFile; fileRef = 6351DBB529F3C5A200664A1E /* ProjectAUITests.swift */; };
		6351DBB829F3C5A200664A1E /* ProjectAUITestsLaunchTests.swift in Sources */ = {isa = PBXBuildFile; fileRef = 6351DBB729F3C5A200664A1E /* ProjectAUITestsLaunchTests.swift */; };
/* End PBXBuildFile section */

/* Begin PBXContainerItemProxy section */
		6351DBA829F3C5A200664A1E /* PBXContainerItemProxy */ = {
			isa = PBXContainerItemProxy;
			containerPortal = 6351DB8929F3C5A000664A1E /* Project object */;
			proxyType = 1;
			remoteGlobalIDString = 6351DB9029F3C5A000664A1E;
			remoteInfo = ProjectA;
		};
		6351DBB229F3C5A200664A1E /* PBXContainerItemProxy */ = {
			isa = PBXContainerItemProxy;
			containerPortal = 6351DB8929F3C5A000664A1E /* Project object */;
			proxyType = 1;
			remoteGlobalIDString = 6351DB9029F3C5A000664A1E;
			remoteInfo = ProjectA;
		};
/* End PBXContainerItemProxy section */

/* Begin PBXFileReference section */
		6351DB9129F3C5A000664A1E /* ProjectA.app */ = {isa = PBXFileReference; explicitFileType = wrapper.application; includeInIndex = 0; path = ProjectA.app; sourceTree = BUILT_PRODUCTS_DIR; };
		6351DB9429F3C5A000664A1E /* AppDelegate.swift */ = {isa = PBXFileReference; lastKnownFileType = sourcecode.swift; path = AppDelegate.swift; sourceTree = "<group>"; };
		6351DB9629F3C5A000664A1E /* SceneDelegate.swift */ = {isa = PBXFileReference; lastKnownFileType = sourcecode.swift; path = SceneDelegate.swift; sourceTree = "<group>"; };
		6351DB9829F3C5A000664A1E /* ViewController.swift */ = {isa = PBXFileReference; lastKnownFileType = sourcecode.swift; path = ViewController.swift; sourceTree = "<group>"; };
		6351DB9B29F3C5A000664A1E /* Base */ = {isa = PBXFileReference; lastKnownFileType = file.storyboard; name = Base; path = Base.lproj/Main.storyboard; sourceTree = "<group>"; };
		6351DB9D29F3C5A200664A1E /* Assets.xcassets */ = {isa = PBXFileReference; lastKnownFileType = folder.assetcatalog; path = Assets.xcassets; sourceTree = "<group>"; };
		6351DBA029F3C5A200664A1E /* Base */ = {isa = PBXFileReference; lastKnownFileType = file.storyboard; name = Base; path = Base.lproj/LaunchScreen.storyboard; sourceTree = "<group>"; };
		6351DBA229F3C5A200664A1E /* Info.plist */ = {isa = PBXFileReference; lastKnownFileType = text.plist.xml; path = Info.plist; sourceTree = "<group>"; };
		6351DBA729F3C5A200664A1E /* ProjectATests.xctest */ = {isa = PBXFileReference; explicitFileType = wrapper.cfbundle; includeInIndex = 0; path = ProjectATests.xctest; sourceTree = BUILT_PRODUCTS_DIR; };
		6351DBAB29F3C5A200664A1E /* ProjectATests.swift */ = {isa = PBXFileReference; lastKnownFileType = sourcecode.swift; path = ProjectATests.swift; sourceTree = "<group>"; };
		6351DBB129F3C5A200664A1E /* ProjectAUITests.xctest */ = {isa = PBXFileReference; explicitFileType = wrapper.cfbundle; includeInIndex = 0; path = ProjectAUITests.xctest; sourceTree = BUILT_PRODUCTS_DIR; };
		6351DBB529F3C5A200664A1E /* ProjectAUITests.swift */ = {isa = PBXFileReference; lastKnownFileType = sourcecode.swift; path = ProjectAUITests.swift; sourceTree = "<group>"; };
		6351DBB729F3C5A200664A1E /* ProjectAUITestsLaunchTests.swift */ = {isa = PBXFileReference; lastKnownFileType = sourcecode.swift; path = ProjectAUITestsLaunchTests.swift; sourceTree = "<group>"; };
/* End PBXFileReference section */

/* Begin PBXFrameworksBuildPhase section */
		6351DB8E29F3C5A000664A1E /* Frameworks */ = {
			isa = PBXFrameworksBuildPhase;
			buildActionMask = 2147483647;
			files = (
			);
			runOnlyForDeploymentPostprocessing = 0;
		};
		6351DBA429F3C5A200664A1E /* Frameworks */ = {
			isa = PBXFrameworksBuildPhase;
			buildActionMask = 2147483647;
			files = (
			);
			runOnlyForDeploymentPostprocessing = 0;
		};
		6351DBAE29F3C5A200664A1E /* Frameworks */ = {
			isa = PBXFrameworksBuildPhase;
			buildActionMask = 2147483647;
			files = (
			);
			runOnlyForDeploymentPostprocessing = 0;
		};
/* End PBXFrameworksBuildPhase section */

/* Begin PBXGroup section */
		6351DB8829F3C5A000664A1E = {
			isa = PBXGroup;
			children = (
				6351DB9329F3C5A000664A1E /* ProjectA */,
				6351DBAA29F3C5A200664A1E /* ProjectATests */,
				6351DBB429F3C5A200664A1E /* ProjectAUITests */,
				6351DB9229F3C5A000664A1E /* Products */,
			);
			sourceTree = "<group>";
		};
		6351DB9229F3C5A000664A1E /* Products */ = {
			isa = PBXGroup;
			children = (
				6351DB9129F3C5A000664A1E /* ProjectA.app */,
				6351DBA729F3C5A200664A1E /* ProjectATests.xctest */,
				6351DBB129F3C5A200664A1E /* ProjectAUITests.xctest */,
			);
			name = Products;
			sourceTree = "<group>";
		};
		6351DB9329F3C5A000664A1E /* ProjectA */ = {
			isa = PBXGroup;
			children = (
				6351DB9429F3C5A000664A1E /* AppDelegate.swift */,
				6351DB9629F3C5A000664A1E /* SceneDelegate.swift */,
				6351DB9829F3C5A000664A1E /* ViewController.swift */,
				6351DB9A29F3C5A000664A1E /* Main.storyboard */,
				6351DB9D29F3C5A200664A1E /* Assets.xcassets */,
				6351DB9F29F3C5A200664A1E /* LaunchScreen.storyboard */,
				6351DBA229F3C5A200664A1E /* Info.plist */,
			);
			path = ProjectA;
			sourceTree = "<group>";
		};
		6351DBAA29F3C5A200664A1E /* ProjectATests */ = {
			isa = PBXGroup;
			children = (
				6351DBAB29F3C5A200664A1E /* ProjectATests.swift */,
			);
			path = ProjectATests;
			sourceTree = "<group>";
		};
		6351DBB429F3C5A200664A1E /* ProjectAUITests */ = {
			isa = PBXGroup;
			children = (
				6351DBB529F3C5A200664A1E /* ProjectAUITests.swift */,
				6351DBB729F3C5A200664A1E /* ProjectAUITestsLaunchTests.swift */,
			);
			path = ProjectAUITests;
			sourceTree = "<group>";
		};
/* End PBXGroup section */

/* Begin PBXNativeTarget section */
		6351DB9029F3C5A000664A1E /* ProjectA */ = {
			isa = PBXNativeTarget;
			buildConfigurationList = 6351DBBB29F3C5A200664A1E /* Build configuration list for PBXNativeTarget "ProjectA" */;
			buildPhases = (
				6351DB8D29F3C5A000664A1E /* Sources */,
				6351DB8E29F3C5A000664A1E /* Frameworks */,
				6351DB8F29F3C5A000664A1E /* Resources */,
			);
			buildRules = (
			);
			dependencies = (
			);
			name = ProjectA;
			productName = ProjectA;
			productReference = 6351DB9129F3C5A000664A1E /* ProjectA.app */;
			productType = "com.apple.product-type.application";
		};
		6351DBA629F3C5A200664A1E /* ProjectATests */ = {
			isa = PBXNativeTarget;
			buildConfigurationList = 6351DBBE29F3C5A200664A1E /* Build configuration list for PBXNativeTarget "ProjectATests" */;
			buildPhases = (
				6351DBA329F3C5A200664A1E /* Sources */,
				6351DBA429F3C5A200664A1E /* Frameworks */,
				6351DBA529F3C5A200664A1E /* Resources */,
			);
			buildRules = (
			);
			dependencies = (
				6351DBA929F3C5A200664A1E /* PBXTargetDependency */,
			);
			name = ProjectATests;
			productName = ProjectATests;
			productReference = 6351DBA729F3C5A200664A1E /* ProjectATests.xctest */;
			productType = "com.apple.product-type.bundle.unit-test";
		};
		6351DBB029F3C5A200664A1E /* ProjectAUITests */ = {
			isa = PBXNativeTarget;
			buildConfigurationList = 6351DBC129F3C5A200664A1E /* Build configuration list for PBXNativeTarget "ProjectAUITests" */;
			buildPhases = (
				6351DBAD29F3C5A200664A1E /* Sources */,
				6351DBAE29F3C5A200664A1E /* Frameworks */,
				6351DBAF29F3C5A200664A1E /* Resources */,
			);
			buildRules = (
			);
			dependencies = (
				6351DBB329F3C5A200664A1E /* PBXTargetDependency */,
			);
			name = ProjectAUITests;
			productName = ProjectAUITests;
			productReference = 6351DBB129F3C5A200664A1E /* ProjectAUITests.xctest */;
			productType = "com.apple.product-type.bundle.ui-testing";
		};
/* End PBXNativeTarget section */

/* Begin PBXProject section */
		6351DB8929F3C5A000664A1E /* Project object */ = {
			isa = PBXProject;
			attributes = {
				BuildIndependentTargetsInParallel = 1;
				LastSwiftUpdateCheck = 1430;
				LastUpgradeCheck = 1430;
				TargetAttributes = {
					6351DB9029F3C5A000664A1E = {
						CreatedOnToolsVersion = 14.3;
					};
					6351DBA629F3C5A200664A1E = {
						CreatedOnToolsVersion = 14.3;
						TestTargetID = 6351DB9029F3C5A000664A1E;
					};
					6351DBB029F3C5A200664A1E = {
						CreatedOnToolsVersion = 14.3;
						TestTargetID = 6351DB9029F3C5A000664A1E;
					};
				};
			};
			buildConfigurationList = 6351DB8C29F3C5A000664A1E /* Build configuration list for PBXProject "ProjectA" */;
			compatibilityVersion = "Xcode 14.0";
			developmentRegion = en;
			hasScannedForEncodings = 0;
			knownRegions = (
				en,
				Base,
			);
			mainGroup = 6351DB8829F3C5A000664A1E;
			productRefGroup = 6351DB9229F3C5A000664A1E /* Products */;
			projectDirPath = "";
			projectRoot = "";
			targets = (
				6351DB9029F3C5A000664A1E /* ProjectA */,
				6351DBA629F3C5A200664A1E /* ProjectATests */,
				6351DBB029F3C5A200664A1E /* ProjectAUITests */,
			);
		};
/* End PBXProject section */

/* Begin PBXResourcesBuildPhase section */
		6351DB8F29F3C5A000664A1E /* Resources */ = {
			isa = PBXResourcesBuildPhase;
			buildActionMask = 2147483647;
			files = (
				6351DBA129F3C5A200664A1E /* LaunchScreen.storyboard in Resources */,
				6351DB9E29F3C5A200664A1E /* Assets.xcassets in Resources */,
				6351DB9C29F3C5A000664A1E /* Main.storyboard in Resources */,
			);
			runOnlyForDeploymentPostprocessing = 0;
		};
		6351DBA529F3C5A200664A1E /* Resources */ = {
			isa = PBXResourcesBuildPhase;
			buildActionMask = 2147483647;
			files = (
			);
			runOnlyForDeploymentPostprocessing = 0;
		};
		6351DBAF29F3C5A200664A1E /* Resources */ = {
			isa = PBXResourcesBuildPhase;
			buildActionMask = 2147483647;
			files = (
			);
			runOnlyForDeploymentPostprocessing = 0;
		};
/* End PBXResourcesBuildPhase section */

/* Begin PBXSourcesBuildPhase section */
		6351DB8D29F3C5A000664A1E /* Sources */ = {
			isa = PBXSourcesBuildPhase;
			buildActionMask = 2147483647;
			files = (
				6351DB9929F3C5A000664A1E /* ViewController.swift in Sources */,
				6351DB9529F3C5A000664A1E /* AppDelegate.swift in Sources */,
				6351DB9729F3C5A000664A1E /* SceneDelegate.swift in Sources */,
			);
			runOnlyForDeploymentPostprocessing = 0;
		};
		6351DBA329F3C5A200664A1E /* Sources */ = {
			isa = PBXSourcesBuildPhase;
			buildActionMask = 2147483647;
			files = (
				6351DBAC29F3C5A200664A1E /* ProjectATests.swift in Sources */,
			);
			runOnlyForDeploymentPostprocessing = 0;
		};
		6351DBAD29F3C5A200664A1E /* Sources */ = {
			isa = PBXSourcesBuildPhase;
			buildActionMask = 2147483647;
			files = (
				6351DBB829F3C5A200664A1E /* ProjectAUITestsLaunchTests.swift in Sources */,
				6351DBB629F3C5A200664A1E /* ProjectAUITests.swift in Sources */,
			);
			runOnlyForDeploymentPostprocessing = 0;
		};
/* End PBXSourcesBuildPhase section */

/* Begin PBXTargetDependency section */
		6351DBA929F3C5A200664A1E /* PBXTargetDependency */ = {
			isa = PBXTargetDependency;
			target = 6351DB9029F3C5A000664A1E /* ProjectA */;
			targetProxy = 6351DBA829F3C5A200664A1E /* PBXContainerItemProxy */;
		};
		6351DBB329F3C5A200664A1E /* PBXTargetDependency */ = {
			isa = PBXTargetDependency;
			target = 6351DB9029F3C5A000664A1E /* ProjectA */;
			targetProxy = 6351DBB229F3C5A200664A1E /* PBXContainerItemProxy */;
		};
/* End PBXTargetDependency section */

/* Begin PBXVariantGroup section */
		6351DB9A29F3C5A000664A1E /* Main.storyboard */ = {
			isa = PBXVariantGroup;
			children = (
				6351DB9B29F3C5A000664A1E /* Base */,
			);
			name = Main.storyboard;
			sourceTree = "<group>";
		};
		6351DB9F29F3C5A200664A1E /* LaunchScreen.storyboard */ = {
			isa = PBXVariantGroup;
			children = (
				6351DBA029F3C5A200664A1E /* Base */,
			);
			name = LaunchScreen.storyboard;
			sourceTree = "<group>";
		};
/* End PBXVariantGroup section */

/* Begin XCBuildConfiguration section */
		6351DBB929F3C5A200664A1E /* Debug */ = {
			isa = XCBuildConfiguration;
			buildSettings = {
				ALWAYS_SEARCH_USER_PATHS = NO;
				CLANG_ANALYZER_NONNULL = YES;
				CLANG_ANALYZER_NUMBER_OBJECT_CONVERSION = YES_AGGRESSIVE;
				CLANG_CXX_LANGUAGE_STANDARD = "gnu++20";
				CLANG_ENABLE_MODULES = YES;
				CLANG_ENABLE_OBJC_ARC = YES;
				CLANG_ENABLE_OBJC_WEAK = YES;
				CLANG_WARN_BLOCK_CAPTURE_AUTORELEASING = YES;
				CLANG_WARN_BOOL_CONVERSION = YES;
				CLANG_WARN_COMMA = YES;
				CLANG_WARN_CONSTANT_CONVERSION = YES;
				CLANG_WARN_DEPRECATED_OBJC_IMPLEMENTATIONS = YES;
				CLANG_WARN_DIRECT_OBJC_ISA_USAGE = YES_ERROR;
				CLANG_WARN_DOCUMENTATION_COMMENTS = YES;
				CLANG_WARN_EMPTY_BODY = YES;
				CLANG_WARN_ENUM_CONVERSION = YES;
				CLANG_WARN_INFINITE_RECURSION = YES;
				CLANG_WARN_INT_CONVERSION = YES;
				CLANG_WARN_NON_LITERAL_NULL_CONVERSION = YES;
				CLANG_WARN_OBJC_IMPLICIT_RETAIN_SELF = YES;
				CLANG_WARN_OBJC_LITERAL_CONVERSION = YES;
				CLANG_WARN_OBJC_ROOT_CLASS = YES_ERROR;
				CLANG_WARN_QUOTED_INCLUDE_IN_FRAMEWORK_HEADER = YES;
				CLANG_WARN_RANGE_LOOP_ANALYSIS = YES;
				CLANG_WARN_STRICT_PROTOTYPES = YES;
				CLANG_WARN_SUSPICIOUS_MOVE = YES;
				CLANG_WARN_UNGUARDED_AVAILABILITY = YES_AGGRESSIVE;
				CLANG_WARN_UNREACHABLE_CODE = YES;
				CLANG_WARN__DUPLICATE_METHOD_MATCH = YES;
				COPY_PHASE_STRIP = NO;
				DEBUG_INFORMATION_FORMAT = dwarf;
				ENABLE_STRICT_OBJC_MSGSEND = YES;
				ENABLE_TESTABILITY = YES;
				GCC_C_LANGUAGE_STANDARD = gnu11;
				GCC_DYNAMIC_NO_PIC = NO;
				GCC_NO_COMMON_BLOCKS = YES;
				GCC_OPTIMIZATION_LEVEL = 0;
				GCC_PREPROCESSOR_DEFINITIONS = (
					"DEBUG=1",
					"$(inherited)",
				);
				GCC_WARN_64_TO_32_BIT_CONVERSION = YES;
				GCC_WARN_ABOUT_RETURN_TYPE = YES_ERROR;
				GCC_WARN_UNDECLARED_SELECTOR = YES;
				GCC_WARN_UNINITIALIZED_AUTOS = YES_AGGRESSIVE;
				GCC_WARN_UNUSED_FUNCTION = YES;
				GCC_WARN_UNUSED_VARIABLE = YES;
				IPHONEOS_DEPLOYMENT_TARGET = 16.4;
				MTL_ENABLE_DEBUG_INFO = INCLUDE_SOURCE;
				MTL_FAST_MATH = YES;
				ONLY_ACTIVE_ARCH = YES;
				SDKROOT = iphoneos;
				SWIFT_ACTIVE_COMPILATION_CONDITIONS = DEBUG;
				SWIFT_OPTIMIZATION_LEVEL = "-Onone";
			};
			name = Debug;
		};
		6351DBBA29F3C5A200664A1E /* Release */ = {
			isa = XCBuildConfiguration;
			buildSettings = {
				ALWAYS_SEARCH_USER_PATHS = NO;
				CLANG_ANALYZER_NONNULL = YES;
				CLANG_ANALYZER_NUMBER_OBJECT_CONVERSION = YES_AGGRESSIVE;
				CLANG_CXX_LANGUAGE_STANDARD = "gnu++20";
				CLANG_ENABLE_MODULES = YES;
				CLANG_ENABLE_OBJC_ARC = YES;
				CLANG_ENABLE_OBJC_WEAK = YES;
				CLANG_WARN_BLOCK_CAPTURE_AUTORELEASING = YES;
				CLANG_WARN_BOOL_CONVERSION = YES;
				CLANG_WARN_COMMA = YES;
				CLANG_WARN_CONSTANT_CONVERSION = YES;
				CLANG_WARN_DEPRECATED_OBJC_IMPLEMENTATIONS = YES;
				CLANG_WARN_DIRECT_OBJC_ISA_USAGE = YES_ERROR;
				CLANG_WARN_DOCUMENTATION_COMMENTS = YES;
				CLANG_WARN_EMPTY_BODY = YES;
				CLANG_WARN_ENUM_CONVERSION = YES;
				CLANG_WARN_INFINITE_RECURSION = YES;
				CLANG_WARN_INT_CONVERSION = YES;
				CLANG_WARN_NON_LITERAL_NULL_CONVERSION = YES;
				CLANG_WARN_OBJC_IMPLICIT_RETAIN_SELF = YES;
				CLANG_WARN_OBJC_LITERAL_CONVERSION = YES;
				CLANG_WARN_OBJC_ROOT_CLASS = YES_ERROR;
				CLANG_WARN_QUOTED_INCLUDE_IN_FRAMEWORK_HEADER = YES;
				CLANG_WARN_RANGE_LOOP_ANALYSIS = YES;
				CLANG_WARN_STRICT_PROTOTYPES = YES;
				CLANG_WARN_SUSPICIOUS_MOVE = YES;
				CLANG_WARN_UNGUARDED_AVAILABILITY = YES_AGGRESSIVE;
				CLANG_WARN_UNREACHABLE_CODE = YES;
				CLANG_WARN__DUPLICATE_METHOD_MATCH = YES;
				COPY_PHASE_STRIP = NO;
				DEBUG_INFORMATION_FORMAT = "dwarf-with-dsym";
				ENABLE_NS_ASSERTIONS = NO;
				ENABLE_STRICT_OBJC_MSGSEND = YES;
				GCC_C_LANGUAGE_STANDARD = gnu11;
				GCC_NO_COMMON_BLOCKS = YES;
				GCC_WARN_64_TO_32_BIT_CONVERSION = YES;
				GCC_WARN_ABOUT_RETURN_TYPE = YES_ERROR;
				GCC_WARN_UNDECLARED_SELECTOR = YES;
				GCC_WARN_UNINITIALIZED_AUTOS = YES_AGGRESSIVE;
				GCC_WARN_UNUSED_FUNCTION = YES;
				GCC_WARN_UNUSED_VARIABLE = YES;
				IPHONEOS_DEPLOYMENT_TARGET = 16.4;
				MTL_ENABLE_DEBUG_INFO = NO;
				MTL_FAST_MATH = YES;
				SDKROOT = iphoneos;
				SWIFT_COMPILATION_MODE = wholemodule;
				SWIFT_OPTIMIZATION_LEVEL = "-O";
				VALIDATE_PRODUCT = YES;
			};
			name = Release;
		};
		6351DBBC29F3C5A200664A1E /* Debug */ = {
			isa = XCBuildConfiguration;
			buildSettings = {
				ASSETCATALOG_COMPILER_APPICON_NAME = AppIcon;
				ASSETCATALOG_COMPILER_GLOBAL_ACCENT_COLOR_NAME = AccentColor;
				CODE_SIGN_STYLE = Automatic;
				CURRENT_PROJECT_VERSION = 1;
				DEVELOPMENT_TEAM = PPR9484L9K;
				GENERATE_INFOPLIST_FILE = YES;
				INFOPLIST_FILE = ProjectA/Info.plist;
				INFOPLIST_KEY_UIApplicationSupportsIndirectInputEvents = YES;
				INFOPLIST_KEY_UILaunchStoryboardName = LaunchScreen;
				INFOPLIST_KEY_UIMainStoryboardFile = Main;
				INFOPLIST_KEY_UISupportedInterfaceOrientations_iPad = "UIInterfaceOrientationPortrait UIInterfaceOrientationPortraitUpsideDown UIInterfaceOrientationLandscapeLeft UIInterfaceOrientationLandscapeRight";
				INFOPLIST_KEY_UISupportedInterfaceOrientations_iPhone = "UIInterfaceOrientationPortrait UIInterfaceOrientationLandscapeLeft UIInterfaceOrientationLandscapeRight";
				LD_RUNPATH_SEARCH_PATHS = (
					"$(inherited)",
					"@executable_path/Frameworks",
				);
				MARKETING_VERSION = 1.0;
				PRODUCT_BUNDLE_IDENTIFIER = Sol.ProjectA;
				PRODUCT_NAME = "$(TARGET_NAME)";
				SWIFT_EMIT_LOC_STRINGS = YES;
				SWIFT_VERSION = 5.0;
				TARGETED_DEVICE_FAMILY = "1,2";
			};
			name = Debug;
		};
		6351DBBD29F3C5A200664A1E /* Release */ = {
			isa = XCBuildConfiguration;
			buildSettings = {
				ASSETCATALOG_COMPILER_APPICON_NAME = AppIcon;
				ASSETCATALOG_COMPILER_GLOBAL_ACCENT_COLOR_NAME = AccentColor;
				CODE_SIGN_STYLE = Automatic;
				CURRENT_PROJECT_VERSION = 1;
				DEVELOPMENT_TEAM = PPR9484L9K;
				GENERATE_INFOPLIST_FILE = YES;
				INFOPLIST_FILE = ProjectA/Info.plist;
				INFOPLIST_KEY_UIApplicationSupportsIndirectInputEvents = YES;
				INFOPLIST_KEY_UILaunchStoryboardName = LaunchScreen;
				INFOPLIST_KEY_UIMainStoryboardFile = Main;
				INFOPLIST_KEY_UISupportedInterfaceOrientations_iPad = "UIInterfaceOrientationPortrait UIInterfaceOrientationPortraitUpsideDown UIInterfaceOrientationLandscapeLeft UIInterfaceOrientationLandscapeRight";
				INFOPLIST_KEY_UISupportedInterfaceOrientations_iPhone = "UIInterfaceOrientationPortrait UIInterfaceOrientationLandscapeLeft UIInterfaceOrientationLandscapeRight";
				LD_RUNPATH_SEARCH_PATHS = (
					"$(inherited)",
					"@executable_path/Frameworks",
				);
				MARKETING_VERSION = 1.0;
				PRODUCT_BUNDLE_IDENTIFIER = Sol.ProjectA;
				PRODUCT_NAME = "$(TARGET_NAME)";
				SWIFT_EMIT_LOC_STRINGS = YES;
				SWIFT_VERSION = 5.0;
				TARGETED_DEVICE_FAMILY = "1,2";
			};
			name = Release;
		};
		6351DBBF29F3C5A200664A1E /* Debug */ = {
			isa = XCBuildConfiguration;
			buildSettings = {
				ALWAYS_EMBED_SWIFT_STANDARD_LIBRARIES = YES;
				BUNDLE_LOADER = "$(TEST_HOST)";
				CODE_SIGN_STYLE = Automatic;
				CURRENT_PROJECT_VERSION = 1;
				DEVELOPMENT_TEAM = PPR9484L9K;
				GENERATE_INFOPLIST_FILE = YES;
				IPHONEOS_DEPLOYMENT_TARGET = 16.4;
				MARKETING_VERSION = 1.0;
				PRODUCT_BUNDLE_IDENTIFIER = Sol.ProjectATests;
				PRODUCT_NAME = "$(TARGET_NAME)";
				SWIFT_EMIT_LOC_STRINGS = NO;
				SWIFT_VERSION = 5.0;
				TARGETED_DEVICE_FAMILY = "1,2";
				TEST_HOST = "$(BUILT_PRODUCTS_DIR)/ProjectA.app/$(BUNDLE_EXECUTABLE_FOLDER_PATH)/ProjectA";
			};
			name = Debug;
		};
		6351DBC029F3C5A200664A1E /* Release */ = {
			isa = XCBuildConfiguration;
			buildSettings = {
				ALWAYS_EMBED_SWIFT_STANDARD_LIBRARIES = YES;
				BUNDLE_LOADER = "$(TEST_HOST)";
				CODE_SIGN_STYLE = Automatic;
				CURRENT_PROJECT_VERSION = 1;
				DEVELOPMENT_TEAM = PPR9484L9K;
				GENERATE_INFOPLIST_FILE = YES;
				IPHONEOS_DEPLOYMENT_TARGET = 16.4;
				MARKETING_VERSION = 1.0;
				PRODUCT_BUNDLE_IDENTIFIER = Sol.ProjectATests;
				PRODUCT_NAME = "$(TARGET_NAME)";
				SWIFT_EMIT_LOC_STRINGS = NO;
				SWIFT_VERSION = 5.0;
				TARGETED_DEVICE_FAMILY = "1,2";
				TEST_HOST = "$(BUILT_PRODUCTS_DIR)/ProjectA.app/$(BUNDLE_EXECUTABLE_FOLDER_PATH)/ProjectA";
			};
			name = Release;
		};
		6351DBC229F3C5A200664A1E /* Debug */ = {
			isa = XCBuildConfiguration;
			buildSettings = {
				ALWAYS_EMBED_SWIFT_STANDARD_LIBRARIES = YES;
				CODE_SIGN_STYLE = Automatic;
				CURRENT_PROJECT_VERSION = 1;
				DEVELOPMENT_TEAM = PPR9484L9K;
				GENERATE_INFOPLIST_FILE = YES;
				MARKETING_VERSION = 1.0;
				PRODUCT_BUNDLE_IDENTIFIER = Sol.ProjectAUITests;
				PRODUCT_NAME = "$(TARGET_NAME)";
				SWIFT_EMIT_LOC_STRINGS = NO;
				SWIFT_VERSION = 5.0;
				TARGETED_DEVICE_FAMILY = "1,2";
				TEST_TARGET_NAME = ProjectA;
			};
			name = Debug;
		};
		6351DBC329F3C5A200664A1E /* Release */ = {
			isa = XCBuildConfiguration;
			buildSettings = {
				ALWAYS_EMBED_SWIFT_STANDARD_LIBRARIES = YES;
				CODE_SIGN_STYLE = Automatic;
				CURRENT_PROJECT_VERSION = 1;
				DEVELOPMENT_TEAM = PPR9484L9K;
				GENERATE_INFOPLIST_FILE = YES;
				MARKETING_VERSION = 1.0;
				PRODUCT_BUNDLE_IDENTIFIER = Sol.ProjectAUITests;
				PRODUCT_NAME = "$(TARGET_NAME)";
				SWIFT_EMIT_LOC_STRINGS = NO;
				SWIFT_VERSION = 5.0;
				TARGETED_DEVICE_FAMILY = "1,2";
				TEST_TARGET_NAME = ProjectA;
			};
			name = Release;
		};
/* End XCBuildConfiguration section */

/* Begin XCConfigurationList section */
		6351DB8C29F3C5A000664A1E /* Build configuration list for PBXProject "ProjectA" */ = {
			isa = XCConfigurationList;
			buildConfigurations = (
				6351DBB929F3C5A200664A1E /* Debug */,
				6351DBBA29F3C5A200664A1E /* Release */,
			);
			defaultConfigurationIsVisible = 0;
			defaultConfigurationName = Release;
		};
		6351DBBB29F3C5A200664A1E /* Build configuration list for PBXNativeTarget "ProjectA" */ = {
			isa = XCConfigurationList;
			buildConfigurations = (
				6351DBBC29F3C5A200664A1E /* Debug */,
				6351DBBD29F3C5A200664A1E /* Release */,
			);
			defaultConfigurationIsVisible = 0;
			defaultConfigurationName = Release;
		};
		6351DBBE29F3C5A200664A1E /* Build configuration list for PBXNativeTarget "ProjectATests" */ = {
			isa = XCConfigurationList;
			buildConfigurations = (
				6351DBBF29F3C5A200664A1E /* Debug */,
				6351DBC029F3C5A200664A1E /* Release */,
			);
			defaultConfigurationIsVisible = 0;
			defaultConfigurationName = Release;
		};
		6351DBC129F3C5A200664A1E /* Build configuration list for PBXNativeTarget "ProjectAUITests" */ = {
			isa = XCConfigurationList;
			buildConfigurations = (
				6351DBC229F3C5A200664A1E /* Debug */,
				6351DBC329F3C5A200664A1E /* Release */,
			);
			defaultConfigurationIsVisible = 0;
			defaultConfigurationName = Release;
		};
/* End XCConfigurationList section */
	};
	rootObject = 6351DB8929F3C5A000664A1E /* Project object */;
}
